<?xml version="1.0" encoding="UTF-8"?>
<Scheme
   version = "1.3">
   <BuildAction>
      <BuildActionEntries>
         <BuildActionEntry
            buildForRunning = "YES">
            <BuildableReference
               BuildableIdentifier = "primary"
               BlueprintIdentifier = "8D4C82A32916AB1F000E9BE0"
               BuildableName = "NodeComponentECS.app"
               BlueprintName = "NodeComponentECS"
               ReferencedContainer = "container:NodeComponentECS.xcodeproj">
            </BuildableReference>
         </BuildActionEntry>
      </BuildActionEntries>
   </BuildAction>
   <LaunchAction
      useCustomWorkingDirectory = "NO"
      buildConfiguration = "Debug"
      allowLocationSimulation = "YES">
      <BuildableProductRunnable>
         <BuildableReference
            BuildableIdentifier = "primary"
            BlueprintIdentifier = "8D4C82A32916AB1F000E9BE0"
            BuildableName = "NodeComponentECS.app"
            BlueprintName = "NodeComponentECS"
            ReferencedContainer = "container:NodeComponentECS.xcodeproj">
         </BuildableReference>
      </BuildableProductRunnable>
   </LaunchAction>
</Scheme>
